
Microsoft Visual Studio Solution File, Format Version 12.00
# Visual Studio Version 16
VisualStudioVersion = 16.0.31729.503
MinimumVisualStudioVersion = 10.0.40219.1
Project("{FAE04EC0-301F-11D3-BF4B-00C04F79EFBC}") = "MaiorNumero", "MaiorNumero\MaiorNumero.csproj", "{F6DD4FC0-D02E-472E-8052-0EAFD085CAFE}"
EndProject
Global
	GlobalSection(SolutionConfigurationPlatforms) = preSolution
		Debug|Any CPU = Debug|Any CPU
		Release|Any CPU = Release|Any CPU
	EndGlobalSection
	GlobalSection(ProjectConfigurationPlatforms) = postSolution
		{F6DD4FC0-D02E-472E-8052-0EAFD085CAFE}.Debug|Any CPU.ActiveCfg = Debug|Any CPU
		{F6DD4FC0-D02E-472E-8052-0EAFD085CAFE}.Debug|Any CPU.Build.0 = Debug|Any CPU
		{F6DD4FC0-D02E-472E-8052-0EAFD085CAFE}.Release|Any CPU.ActiveCfg = Release|Any CPU
		{F6DD4FC0-D02E-472E-8052-0EAFD085CAFE}.Release|Any CPU.Build.0 = Release|Any CPU
	EndGlobalSection
	GlobalSection(SolutionProperties) = preSolution
		HideSolutionNode = FALSE
	EndGlobalSection
	GlobalSection(ExtensibilityGlobals) = postSolution
		SolutionGuid = {E601ABC7-95E0-4877-94F7-30C90066F355}
	EndGlobalSection
EndGlobal
